
Microsoft Visual Studio Solution File, Format Version 12.00
# Visual Studio Version 16
VisualStudioVersion = 16.0.33529.622
MinimumVisualStudioVersion = 10.0.40219.1
Project("{FAE04EC0-301F-11D3-BF4B-00C04F79EFBC}") = "IslandOfHealing", "IslandOfHealing\IslandOfHealing.csproj", "{3603DCE3-8A7E-490B-A63B-C859FA8CAE96}"
EndProject
Global
	GlobalSection(SolutionConfigurationPlatforms) = preSolution
		Debug|Any CPU = Debug|Any CPU
		Release|Any CPU = Release|Any CPU
	EndGlobalSection
	GlobalSection(ProjectConfigurationPlatforms) = postSolution
		{3603DCE3-8A7E-490B-A63B-C859FA8CAE96}.Debug|Any CPU.ActiveCfg = Debug|Any CPU
		{3603DCE3-8A7E-490B-A63B-C859FA8CAE96}.Debug|Any CPU.Build.0 = Debug|Any CPU
		{3603DCE3-8A7E-490B-A63B-C859FA8CAE96}.Release|Any CPU.ActiveCfg = Release|Any CPU
		{3603DCE3-8A7E-490B-A63B-C859FA8CAE96}.Release|Any CPU.Build.0 = Release|Any CPU
	EndGlobalSection
	GlobalSection(SolutionProperties) = preSolution
		HideSolutionNode = FALSE
	EndGlobalSection
	GlobalSection(ExtensibilityGlobals) = postSolution
		SolutionGuid = {10BD1C2E-432D-44C1-B327-98E9EECA4063}
	EndGlobalSection
EndGlobal
